
Microsoft Visual Studio Solution File, Format Version 12.00
Project("{FAE04EC0-301F-11D3-BF4B-00C04F79EFBC}") = "APBD-Cw2-s34124", "APBD-Cw2-s34124.csproj", "{BDBB9092-FAB2-4275-B881-154812E806E9}"
EndProject
Global
	GlobalSection(SolutionConfigurationPlatforms) = preSolution
		Debug|Any CPU = Debug|Any CPU
		Release|Any CPU = Release|Any CPU
	EndGlobalSection
	GlobalSection(ProjectConfigurationPlatforms) = postSolution
		{BDBB9092-FAB2-4275-B881-154812E806E9}.Debug|Any CPU.ActiveCfg = Debug|Any CPU
		{BDBB9092-FAB2-4275-B881-154812E806E9}.Debug|Any CPU.Build.0 = Debug|Any CPU
		{BDBB9092-FAB2-4275-B881-154812E806E9}.Release|Any CPU.ActiveCfg = Release|Any CPU
		{BDBB9092-FAB2-4275-B881-154812E806E9}.Release|Any CPU.Build.0 = Release|Any CPU
	EndGlobalSection
EndGlobal
